
Microsoft Visual Studio Solution File, Format Version 12.00
# Visual Studio Version 16
VisualStudioVersion = 16.0.30225.117
MinimumVisualStudioVersion = 10.0.40219.1
Project("{FAE04EC0-301F-11D3-BF4B-00C04F79EFBC}") = "GJ2022", "GJ2022.csproj", "{0DDD9894-DD59-41DC-A7F8-9C74D7E87ABD}"
EndProject
Project("{FAE04EC0-301F-11D3-BF4B-00C04F79EFBC}") = "GJ2022.Tests", "..\GJ2022.Tests\GJ2022.Tests.csproj", "{F716B796-AFDC-45D0-B69E-1FAA5DADB940}"
EndProject
Global
	GlobalSection(SolutionConfigurationPlatforms) = preSolution
		Debug|Any CPU = Debug|Any CPU
		Release|Any CPU = Release|Any CPU
	EndGlobalSection
	GlobalSection(ProjectConfigurationPlatforms) = postSolution
		{0DDD9894-DD59-41DC-A7F8-9C74D7E87ABD}.Debug|Any CPU.ActiveCfg = Debug|Any CPU
		{0DDD9894-DD59-41DC-A7F8-9C74D7E87ABD}.Debug|Any CPU.Build.0 = Debug|Any CPU
		{0DDD9894-DD59-41DC-A7F8-9C74D7E87ABD}.Release|Any CPU.ActiveCfg = Release|Any CPU
		{0DDD9894-DD59-41DC-A7F8-9C74D7E87ABD}.Release|Any CPU.Build.0 = Release|Any CPU
		{F716B796-AFDC-45D0-B69E-1FAA5DADB940}.Debug|Any CPU.ActiveCfg = Debug|Any CPU
		{F716B796-AFDC-45D0-B69E-1FAA5DADB940}.Debug|Any CPU.Build.0 = Debug|Any CPU
		{F716B796-AFDC-45D0-B69E-1FAA5DADB940}.Release|Any CPU.ActiveCfg = Release|Any CPU
		{F716B796-AFDC-45D0-B69E-1FAA5DADB940}.Release|Any CPU.Build.0 = Release|Any CPU
	EndGlobalSection
	GlobalSection(SolutionProperties) = preSolution
		HideSolutionNode = FALSE
	EndGlobalSection
	GlobalSection(ExtensibilityGlobals) = postSolution
		SolutionGuid = {71159984-A25C-4B31-AD7F-9524F8358729}
	EndGlobalSection
EndGlobal
